
Microsoft Visual Studio Solution File, Format Version 12.00
# Visual Studio Version 17
VisualStudioVersion = 17.8.34322.80
MinimumVisualStudioVersion = 10.0.40219.1
Project("{FAE04EC0-301F-11D3-BF4B-00C04F79EFBC}") = "Wee13SQLO", "Wee13SQLO\Wee13SQLO.csproj", "{B2B584E5-671F-4511-A6AF-39E94A0160E3}"
EndProject
Global
	GlobalSection(SolutionConfigurationPlatforms) = preSolution
		Debug|Any CPU = Debug|Any CPU
		Release|Any CPU = Release|Any CPU
	EndGlobalSection
	GlobalSection(ProjectConfigurationPlatforms) = postSolution
		{B2B584E5-671F-4511-A6AF-39E94A0160E3}.Debug|Any CPU.ActiveCfg = Debug|Any CPU
		{B2B584E5-671F-4511-A6AF-39E94A0160E3}.Debug|Any CPU.Build.0 = Debug|Any CPU
		{B2B584E5-671F-4511-A6AF-39E94A0160E3}.Release|Any CPU.ActiveCfg = Release|Any CPU
		{B2B584E5-671F-4511-A6AF-39E94A0160E3}.Release|Any CPU.Build.0 = Release|Any CPU
	EndGlobalSection
	GlobalSection(SolutionProperties) = preSolution
		HideSolutionNode = FALSE
	EndGlobalSection
	GlobalSection(ExtensibilityGlobals) = postSolution
		SolutionGuid = {BE06C94A-4E36-43F2-B66B-70BEF05E45CB}
	EndGlobalSection
EndGlobal
